
Microsoft Visual Studio Solution File, Format Version 12.00
# Visual Studio 2012
Project("{FAE04EC0-301F-11D3-BF4B-00C04F79EFBC}") = "HauntetFarm", "HauntetFarm.csproj", "{EBF540EB-1E99-4001-B02C-F2C064700B0A}"
EndProject
Project("{FAE04EC0-301F-11D3-BF4B-00C04F79EFBC}") = "HauntedFarm", "HauntedFarm.csproj", "{55824D40-CDD8-496C-912D-CB0567062BB2}"
EndProject
Global
	GlobalSection(SolutionConfigurationPlatforms) = preSolution
		Debug|Any CPU = Debug|Any CPU
		Debug|x64 = Debug|x64
		Debug|x86 = Debug|x86
		ExportDebug|Any CPU = ExportDebug|Any CPU
		ExportDebug|x64 = ExportDebug|x64
		ExportDebug|x86 = ExportDebug|x86
		ExportRelease|Any CPU = ExportRelease|Any CPU
		ExportRelease|x64 = ExportRelease|x64
		ExportRelease|x86 = ExportRelease|x86
		Release|Any CPU = Release|Any CPU
		Release|x64 = Release|x64
		Release|x86 = Release|x86
	EndGlobalSection
	GlobalSection(ProjectConfigurationPlatforms) = postSolution
		{EBF540EB-1E99-4001-B02C-F2C064700B0A}.Debug|Any CPU.ActiveCfg = Debug|Any CPU
		{EBF540EB-1E99-4001-B02C-F2C064700B0A}.Debug|Any CPU.Build.0 = Debug|Any CPU
		{EBF540EB-1E99-4001-B02C-F2C064700B0A}.Debug|x64.ActiveCfg = Debug|Any CPU
		{EBF540EB-1E99-4001-B02C-F2C064700B0A}.Debug|x64.Build.0 = Debug|Any CPU
		{EBF540EB-1E99-4001-B02C-F2C064700B0A}.Debug|x86.ActiveCfg = Debug|Any CPU
		{EBF540EB-1E99-4001-B02C-F2C064700B0A}.Debug|x86.Build.0 = Debug|Any CPU
		{EBF540EB-1E99-4001-B02C-F2C064700B0A}.ExportDebug|Any CPU.ActiveCfg = ExportDebug|Any CPU
		{EBF540EB-1E99-4001-B02C-F2C064700B0A}.ExportDebug|Any CPU.Build.0 = ExportDebug|Any CPU
		{EBF540EB-1E99-4001-B02C-F2C064700B0A}.ExportDebug|x64.ActiveCfg = ExportDebug|Any CPU
		{EBF540EB-1E99-4001-B02C-F2C064700B0A}.ExportDebug|x64.Build.0 = ExportDebug|Any CPU
		{EBF540EB-1E99-4001-B02C-F2C064700B0A}.ExportDebug|x86.ActiveCfg = ExportDebug|Any CPU
		{EBF540EB-1E99-4001-B02C-F2C064700B0A}.ExportDebug|x86.Build.0 = ExportDebug|Any CPU
		{EBF540EB-1E99-4001-B02C-F2C064700B0A}.ExportRelease|Any CPU.ActiveCfg = ExportRelease|Any CPU
		{EBF540EB-1E99-4001-B02C-F2C064700B0A}.ExportRelease|Any CPU.Build.0 = ExportRelease|Any CPU
		{EBF540EB-1E99-4001-B02C-F2C064700B0A}.ExportRelease|x64.ActiveCfg = ExportRelease|Any CPU
		{EBF540EB-1E99-4001-B02C-F2C064700B0A}.ExportRelease|x64.Build.0 = ExportRelease|Any CPU
		{EBF540EB-1E99-4001-B02C-F2C064700B0A}.ExportRelease|x86.ActiveCfg = ExportRelease|Any CPU
		{EBF540EB-1E99-4001-B02C-F2C064700B0A}.ExportRelease|x86.Build.0 = ExportRelease|Any CPU
		{EBF540EB-1E99-4001-B02C-F2C064700B0A}.Release|Any CPU.ActiveCfg = Release|Any CPU
		{EBF540EB-1E99-4001-B02C-F2C064700B0A}.Release|Any CPU.Build.0 = Release|Any CPU
		{EBF540EB-1E99-4001-B02C-F2C064700B0A}.Release|x64.ActiveCfg = Release|Any CPU
		{EBF540EB-1E99-4001-B02C-F2C064700B0A}.Release|x64.Build.0 = Release|Any CPU
		{EBF540EB-1E99-4001-B02C-F2C064700B0A}.Release|x86.ActiveCfg = Release|Any CPU
		{EBF540EB-1E99-4001-B02C-F2C064700B0A}.Release|x86.Build.0 = Release|Any CPU
		{55824D40-CDD8-496C-912D-CB0567062BB2}.Debug|Any CPU.ActiveCfg = Debug|Any CPU
		{55824D40-CDD8-496C-912D-CB0567062BB2}.Debug|Any CPU.Build.0 = Debug|Any CPU
		{55824D40-CDD8-496C-912D-CB0567062BB2}.Debug|x64.ActiveCfg = Debug|Any CPU
		{55824D40-CDD8-496C-912D-CB0567062BB2}.Debug|x64.Build.0 = Debug|Any CPU
		{55824D40-CDD8-496C-912D-CB0567062BB2}.Debug|x86.ActiveCfg = Debug|Any CPU
		{55824D40-CDD8-496C-912D-CB0567062BB2}.Debug|x86.Build.0 = Debug|Any CPU
		{55824D40-CDD8-496C-912D-CB0567062BB2}.ExportDebug|Any CPU.ActiveCfg = ExportDebug|Any CPU
		{55824D40-CDD8-496C-912D-CB0567062BB2}.ExportDebug|Any CPU.Build.0 = ExportDebug|Any CPU
		{55824D40-CDD8-496C-912D-CB0567062BB2}.ExportDebug|x64.ActiveCfg = ExportDebug|Any CPU
		{55824D40-CDD8-496C-912D-CB0567062BB2}.ExportDebug|x64.Build.0 = ExportDebug|Any CPU
		{55824D40-CDD8-496C-912D-CB0567062BB2}.ExportDebug|x86.ActiveCfg = ExportDebug|Any CPU
		{55824D40-CDD8-496C-912D-CB0567062BB2}.ExportDebug|x86.Build.0 = ExportDebug|Any CPU
		{55824D40-CDD8-496C-912D-CB0567062BB2}.ExportRelease|Any CPU.ActiveCfg = ExportRelease|Any CPU
		{55824D40-CDD8-496C-912D-CB0567062BB2}.ExportRelease|Any CPU.Build.0 = ExportRelease|Any CPU
		{55824D40-CDD8-496C-912D-CB0567062BB2}.ExportRelease|x64.ActiveCfg = ExportRelease|Any CPU
		{55824D40-CDD8-496C-912D-CB0567062BB2}.ExportRelease|x64.Build.0 = ExportRelease|Any CPU
		{55824D40-CDD8-496C-912D-CB0567062BB2}.ExportRelease|x86.ActiveCfg = ExportRelease|Any CPU
		{55824D40-CDD8-496C-912D-CB0567062BB2}.ExportRelease|x86.Build.0 = ExportRelease|Any CPU
		{55824D40-CDD8-496C-912D-CB0567062BB2}.Release|Any CPU.ActiveCfg = Debug|Any CPU
		{55824D40-CDD8-496C-912D-CB0567062BB2}.Release|Any CPU.Build.0 = Debug|Any CPU
		{55824D40-CDD8-496C-912D-CB0567062BB2}.Release|x64.ActiveCfg = Debug|Any CPU
		{55824D40-CDD8-496C-912D-CB0567062BB2}.Release|x64.Build.0 = Debug|Any CPU
		{55824D40-CDD8-496C-912D-CB0567062BB2}.Release|x86.ActiveCfg = Debug|Any CPU
		{55824D40-CDD8-496C-912D-CB0567062BB2}.Release|x86.Build.0 = Debug|Any CPU
	EndGlobalSection
	GlobalSection(SolutionProperties) = preSolution
		HideSolutionNode = FALSE
	EndGlobalSection
EndGlobal
